<?xml version="1.0" encoding="utf-8"?>
<Project ToolsVersion="15.0" xmlns="http://schemas.microsoft.com/developer/msbuild/2003">
  <ItemGroup>
    <ClCompile Include="..\general\array.cpp" />
    <ClCompile Include="..\general\error.cpp" />
    <ClCompile Include="..\general\globals.cpp" />
    <ClCompile Include="..\general\gzstream.cpp" />
    <ClCompile Include="..\general\isockstream.cpp" />
    <ClCompile Include="..\general\optparser.cpp" />
    <ClCompile Include="..\general\osockstream.cpp" />
    <ClCompile Include="..\general\sets.cpp" />
    <ClCompile Include="..\general\socketstream.cpp" />
    <ClCompile Include="..\general\stable3d.cpp" />
    <ClCompile Include="..\general\table.cpp" />
    <ClCompile Include="..\general\tic_toc.cpp" />
    <ClCompile Include="..\general\version.cpp" />
    <ClCompile Include="..\general\communication.cpp" />
    <ClCompile Include="..\linalg\blockmatrix.cpp" />
    <ClCompile Include="..\linalg\blockoperator.cpp" />
    <ClCompile Include="..\linalg\blockvector.cpp" />
    <ClCompile Include="..\linalg\complex_operator.cpp" />
    <ClCompile Include="..\linalg\densemat.cpp" />
    <ClCompile Include="..\linalg\handle.cpp" />
    <ClCompile Include="..\linalg\matrix.cpp" />
    <ClCompile Include="..\linalg\ode.cpp" />
    <ClCompile Include="..\linalg\operator.cpp" />
    <ClCompile Include="..\linalg\solvers.cpp" />
    <ClCompile Include="..\linalg\sparsemat.cpp" />
    <ClCompile Include="..\linalg\sparsesmoothers.cpp" />
    <ClCompile Include="..\linalg\vector.cpp" />
    <ClCompile Include="..\linalg\hypre.cpp" />
    <ClCompile Include="..\linalg\hypre_parcsr.cpp" />
    <ClCompile Include="..\mesh\element.cpp" />
    <ClCompile Include="..\mesh\hexahedron.cpp" />
    <ClCompile Include="..\mesh\mesh.cpp" />
    <ClCompile Include="..\mesh\mesh_operators.cpp" />
    <ClCompile Include="..\mesh\mesh_readers.cpp" />
    <ClCompile Include="..\mesh\ncmesh.cpp" />
    <ClCompile Include="..\mesh\nurbs.cpp" />
    <ClCompile Include="..\mesh\point.cpp" />
    <ClCompile Include="..\mesh\quadrilateral.cpp" />
    <ClCompile Include="..\mesh\segment.cpp" />
    <ClCompile Include="..\mesh\tetrahedron.cpp" />
    <ClCompile Include="..\mesh\triangle.cpp" />
    <ClCompile Include="..\mesh\vertex.cpp" />
    <ClCompile Include="..\mesh\pmesh.cpp" />
    <ClCompile Include="..\mesh\pncmesh.cpp" />
    <ClCompile Include="..\fem\bilinearform.cpp" />
    <ClCompile Include="..\fem\bilininteg.cpp" />
    <ClCompile Include="..\fem\coefficient.cpp" />
    <ClCompile Include="..\fem\datacollection.cpp" />
    <ClCompile Include="..\fem\eltrans.cpp" />
    <ClCompile Include="..\fem\estimators.cpp" />
    <ClCompile Include="..\fem\fe.cpp" />
    <ClCompile Include="..\fem\fe_coll.cpp" />
    <ClCompile Include="..\fem\fespace.cpp" />
    <ClCompile Include="..\fem\geom.cpp" />
    <ClCompile Include="..\fem\gridfunc.cpp" />
    <ClCompile Include="..\fem\hybridization.cpp" />
    <ClCompile Include="..\fem\intrules.cpp" />
    <ClCompile Include="..\fem\linearform.cpp" />
    <ClCompile Include="..\fem\lininteg.cpp" />
    <ClCompile Include="..\fem\nonlinearform.cpp" />
    <ClCompile Include="..\fem\nonlininteg.cpp" />
    <ClCompile Include="..\fem\staticcond.cpp" />
    <ClCompile Include="..\fem\tmop.cpp" />
    <ClCompile Include="..\fem\pbilinearform.cpp" />
    <ClCompile Include="..\fem\pfespace.cpp" />
    <ClCompile Include="..\fem\pgridfunc.cpp" />
    <ClCompile Include="..\fem\plinearform.cpp" />
    <ClCompile Include="..\fem\pnonlinearform.cpp" />
  </ItemGroup>
  <ItemGroup>
    <ClInclude Include="..\general\array.hpp" />
    <ClInclude Include="..\general\error.hpp" />
    <ClInclude Include="..\general\globals.hpp" />
    <ClInclude Include="..\general\gzstream.hpp" />
    <ClInclude Include="..\general\hash.hpp" />
    <ClInclude Include="..\general\isockstream.hpp" />
    <ClInclude Include="..\general\mem_alloc.hpp" />
    <ClInclude Include="..\general\optparser.hpp" />
    <ClInclude Include="..\general\osockstream.hpp" />
    <ClInclude Include="..\general\sets.hpp" />
    <ClInclude Include="..\general\socketstream.hpp" />
    <ClInclude Include="..\general\sort_pairs.hpp" />
    <ClInclude Include="..\general\stable3d.hpp" />
    <ClInclude Include="..\general\table.hpp" />
    <ClInclude Include="..\general\tassign.hpp" />
    <ClInclude Include="..\general\tic_toc.hpp" />
    <ClInclude Include="..\general\text.hpp" />
    <ClInclude Include="..\general\version.hpp" />
    <ClInclude Include="..\general\communication.hpp" />
    <ClInclude Include="..\linalg\blockmatrix.hpp" />
    <ClInclude Include="..\linalg\blockoperator.hpp" />
    <ClInclude Include="..\linalg\blockvector.hpp" />
    <ClInclude Include="..\linalg\complex_operator.hpp" />
    <ClInclude Include="..\linalg\densemat.hpp" />
    <ClInclude Include="..\linalg\handle.hpp" />
    <ClInclude Include="..\linalg\invariants.hpp" />
    <ClInclude Include="..\linalg\linalg.hpp" />
    <ClInclude Include="..\linalg\matrix.hpp" />
    <ClInclude Include="..\linalg\ode.hpp" />
    <ClInclude Include="..\linalg\operator.hpp" />
    <ClInclude Include="..\linalg\solvers.hpp" />
    <ClInclude Include="..\linalg\sparsemat.hpp" />
    <ClInclude Include="..\linalg\sparsesmoothers.hpp" />
    <ClInclude Include="..\linalg\tlayout.hpp" />
    <ClInclude Include="..\linalg\tmatrix.hpp" />
    <ClInclude Include="..\linalg\ttensor.hpp" />
    <ClInclude Include="..\linalg\vector.hpp" />
    <ClInclude Include="..\linalg\hypre.hpp" />
    <ClInclude Include="..\linalg\hypre_parcsr.hpp" />
    <ClInclude Include="..\mesh\element.hpp" />
    <ClInclude Include="..\mesh\hexahedron.hpp" />
    <ClInclude Include="..\mesh\mesh.hpp" />
    <ClInclude Include="..\mesh\mesh_headers.hpp" />
    <ClInclude Include="..\mesh\mesh_operators.hpp" />
    <ClInclude Include="..\mesh\ncmesh.hpp" />
    <ClInclude Include="..\mesh\nurbs.hpp" />
    <ClInclude Include="..\mesh\point.hpp" />
    <ClInclude Include="..\mesh\quadrilateral.hpp" />
    <ClInclude Include="..\mesh\segment.hpp" />
    <ClInclude Include="..\mesh\tetrahedron.hpp" />
    <ClInclude Include="..\mesh\tmesh.hpp" />
    <ClInclude Include="..\mesh\triangle.hpp" />
    <ClInclude Include="..\mesh\vertex.hpp" />
    <ClInclude Include="..\mesh\pmesh.hpp" />
    <ClInclude Include="..\mesh\pncmesh.hpp" />
    <ClInclude Include="..\fem\bilinearform.hpp" />
    <ClInclude Include="..\fem\bilininteg.hpp" />
    <ClInclude Include="..\fem\coefficient.hpp" />
    <ClInclude Include="..\fem\datacollection.hpp" />
    <ClInclude Include="..\fem\eltrans.hpp" />
    <ClInclude Include="..\fem\estimators.hpp" />
    <ClInclude Include="..\fem\fe.hpp" />
    <ClInclude Include="..\fem\fe_coll.hpp" />
    <ClInclude Include="..\fem\fem.hpp" />
    <ClInclude Include="..\fem\fespace.hpp" />
    <ClInclude Include="..\fem\geom.hpp" />
    <ClInclude Include="..\fem\gridfunc.hpp" />
    <ClInclude Include="..\fem\hybridization.hpp" />
    <ClInclude Include="..\fem\intrules.hpp" />
    <ClInclude Include="..\fem\linearform.hpp" />
    <ClInclude Include="..\fem\lininteg.hpp" />
    <ClInclude Include="..\fem\nonlinearform.hpp" />
    <ClInclude Include="..\fem\nonlininteg.hpp" />
    <ClInclude Include="..\fem\staticcond.hpp" />
    <ClInclude Include="..\fem\tbilinearform.hpp" />
    <ClInclude Include="..\fem\tbilininteg.hpp" />
    <ClInclude Include="..\fem\tcoefficient.hpp" />
    <ClInclude Include="..\fem\teltrans.hpp" />
    <ClInclude Include="..\fem\tevaluator.hpp" />
    <ClInclude Include="..\fem\tfe.hpp" />
    <ClInclude Include="..\fem\tfespace.hpp" />
    <ClInclude Include="..\fem\tintrules.hpp" />
    <ClInclude Include="..\fem\tmop.hpp" />
    <ClInclude Include="..\fem\pbilinearform.hpp" />
    <ClInclude Include="..\fem\pfespace.hpp" />
    <ClInclude Include="..\fem\pgridfunc.hpp" />
    <ClInclude Include="..\fem\plinearform.hpp" />
    <ClInclude Include="..\fem\pnonlinearform.hpp" />
    <ClInclude Include="..\config\config.hpp" />
    <ClInclude Include="..\config\tconfig.hpp" />
    <ClInclude Include="..\mfem.hpp" />
    <ClInclude Include="..\mfem-performance.hpp" />
  </ItemGroup>
  <ItemGroup>
    <CustomBuild Include="..\CMakeLists.txt" />
  </ItemGroup>
  <ItemGroup>
    <Filter Include="Source Files">
      <UniqueIdentifier>{45D212C6-37E4-328C-889B-8B6350535B6F}</UniqueIdentifier>
    </Filter>
    <Filter Include="Header Files">
      <UniqueIdentifier>{F7C44E54-A4EA-3C55-83FD-011E59C031BA}</UniqueIdentifier>
    </Filter>
  </ItemGroup>
</Project>