<?xml version="1.0" encoding="utf-8"?>
<Project ToolsVersion="15.0" xmlns="http://schemas.microsoft.com/developer/msbuild/2003">
  <ItemGroup>
    <ClCompile Include="..\fem\ceed\convection.cpp">
      <Filter>Source Files</Filter>
    </ClCompile>
    <ClCompile Include="..\fem\ceed\diffusion.cpp">
      <Filter>Source Files</Filter>
    </ClCompile>
    <ClCompile Include="..\fem\ceed\mass.cpp">
      <Filter>Source Files</Filter>
    </ClCompile>
    <ClCompile Include="..\fem\ceed\nlconvection.cpp">
      <Filter>Source Files</Filter>
    </ClCompile>
    <ClCompile Include="..\fem\ceed\operator.cpp">
      <Filter>Source Files</Filter>
    </ClCompile>
    <ClCompile Include="..\fem\ceed\util.cpp">
      <Filter>Source Files</Filter>
    </ClCompile>
    <ClCompile Include="..\fem\adios2datacollection.cpp">
      <Filter>Source Files</Filter>
    </ClCompile>
    <ClCompile Include="..\fem\bilinearform.cpp">
      <Filter>Source Files</Filter>
    </ClCompile>
    <ClCompile Include="..\fem\bilinearform_ext.cpp">
      <Filter>Source Files</Filter>
    </ClCompile>
    <ClCompile Include="..\fem\bilininteg.cpp">
      <Filter>Source Files</Filter>
    </ClCompile>
    <ClCompile Include="..\fem\bilininteg_br2.cpp">
      <Filter>Source Files</Filter>
    </ClCompile>
    <ClCompile Include="..\fem\bilininteg_convection_ea.cpp">
      <Filter>Source Files</Filter>
    </ClCompile>
    <ClCompile Include="..\fem\bilininteg_convection_mf.cpp">
      <Filter>Source Files</Filter>
    </ClCompile>
    <ClCompile Include="..\fem\bilininteg_convection_pa.cpp">
      <Filter>Source Files</Filter>
    </ClCompile>
    <ClCompile Include="..\fem\bilininteg_dgtrace_ea.cpp">
      <Filter>Source Files</Filter>
    </ClCompile>
    <ClCompile Include="..\fem\bilininteg_dgtrace_pa.cpp">
      <Filter>Source Files</Filter>
    </ClCompile>
    <ClCompile Include="..\fem\bilininteg_diffusion_ea.cpp">
      <Filter>Source Files</Filter>
    </ClCompile>
    <ClCompile Include="..\fem\bilininteg_diffusion_mf.cpp">
      <Filter>Source Files</Filter>
    </ClCompile>
    <ClCompile Include="..\fem\bilininteg_diffusion_pa.cpp">
      <Filter>Source Files</Filter>
    </ClCompile>
    <ClCompile Include="..\fem\bilininteg_divergence.cpp">
      <Filter>Source Files</Filter>
    </ClCompile>
    <ClCompile Include="..\fem\bilininteg_gradient.cpp">
      <Filter>Source Files</Filter>
    </ClCompile>
    <ClCompile Include="..\fem\bilininteg_hcurl.cpp">
      <Filter>Source Files</Filter>
    </ClCompile>
    <ClCompile Include="..\fem\bilininteg_hdiv.cpp">
      <Filter>Source Files</Filter>
    </ClCompile>
    <ClCompile Include="..\fem\bilininteg_mass_ea.cpp">
      <Filter>Source Files</Filter>
    </ClCompile>
    <ClCompile Include="..\fem\bilininteg_mass_mf.cpp">
      <Filter>Source Files</Filter>
    </ClCompile>
    <ClCompile Include="..\fem\bilininteg_mass_pa.cpp">
      <Filter>Source Files</Filter>
    </ClCompile>
    <ClCompile Include="..\fem\bilininteg_transpose_ea.cpp">
      <Filter>Source Files</Filter>
    </ClCompile>
    <ClCompile Include="..\fem\bilininteg_vecdiffusion.cpp">
      <Filter>Source Files</Filter>
    </ClCompile>
    <ClCompile Include="..\fem\bilininteg_vecdiffusion_mf.cpp">
      <Filter>Source Files</Filter>
    </ClCompile>
    <ClCompile Include="..\fem\bilininteg_vecmass.cpp">
      <Filter>Source Files</Filter>
    </ClCompile>
    <ClCompile Include="..\fem\bilininteg_vecmass_mf.cpp">
      <Filter>Source Files</Filter>
    </ClCompile>
    <ClCompile Include="..\fem\bilininteg_vectorfe.cpp">
      <Filter>Source Files</Filter>
    </ClCompile>
    <ClCompile Include="..\fem\coefficient.cpp">
      <Filter>Source Files</Filter>
    </ClCompile>
    <ClCompile Include="..\fem\complex_fem.cpp">
      <Filter>Source Files</Filter>
    </ClCompile>
    <ClCompile Include="..\fem\conduitdatacollection.cpp">
      <Filter>Source Files</Filter>
    </ClCompile>
    <ClCompile Include="..\fem\convergence.cpp">
      <Filter>Source Files</Filter>
    </ClCompile>
    <ClCompile Include="..\fem\datacollection.cpp">
      <Filter>Source Files</Filter>
    </ClCompile>
    <ClCompile Include="..\fem\eltrans.cpp">
      <Filter>Source Files</Filter>
    </ClCompile>
    <ClCompile Include="..\fem\estimators.cpp">
      <Filter>Source Files</Filter>
    </ClCompile>
    <ClCompile Include="..\fem\fe.cpp">
      <Filter>Source Files</Filter>
    </ClCompile>
    <ClCompile Include="..\fem\fe_coll.cpp">
      <Filter>Source Files</Filter>
    </ClCompile>
    <ClCompile Include="..\fem\fespace.cpp">
      <Filter>Source Files</Filter>
    </ClCompile>
    <ClCompile Include="..\fem\fespacehierarchy.cpp">
      <Filter>Source Files</Filter>
    </ClCompile>
    <ClCompile Include="..\fem\geom.cpp">
      <Filter>Source Files</Filter>
    </ClCompile>
    <ClCompile Include="..\fem\gridfunc.cpp">
      <Filter>Source Files</Filter>
    </ClCompile>
    <ClCompile Include="..\fem\gslib.cpp">
      <Filter>Source Files</Filter>
    </ClCompile>
    <ClCompile Include="..\fem\hybridization.cpp">
      <Filter>Source Files</Filter>
    </ClCompile>
    <ClCompile Include="..\fem\intrules.cpp">
      <Filter>Source Files</Filter>
    </ClCompile>
    <ClCompile Include="..\fem\linearform.cpp">
      <Filter>Source Files</Filter>
    </ClCompile>
    <ClCompile Include="..\fem\lininteg.cpp">
      <Filter>Source Files</Filter>
    </ClCompile>
    <ClCompile Include="..\fem\multigrid.cpp">
      <Filter>Source Files</Filter>
    </ClCompile>
    <ClCompile Include="..\fem\nonlinearform.cpp">
      <Filter>Source Files</Filter>
    </ClCompile>
    <ClCompile Include="..\fem\nonlinearform_ext.cpp">
      <Filter>Source Files</Filter>
    </ClCompile>
    <ClCompile Include="..\fem\nonlininteg.cpp">
      <Filter>Source Files</Filter>
    </ClCompile>
    <ClCompile Include="..\fem\nonlininteg_vectorconvection.cpp">
      <Filter>Source Files</Filter>
    </ClCompile>
    <ClCompile Include="..\fem\nonlininteg_vectorconvection_mf.cpp">
      <Filter>Source Files</Filter>
    </ClCompile>
    <ClCompile Include="..\fem\pbilinearform.cpp">
      <Filter>Source Files</Filter>
    </ClCompile>
    <ClCompile Include="..\fem\pfespace.cpp">
      <Filter>Source Files</Filter>
    </ClCompile>
    <ClCompile Include="..\fem\pgridfunc.cpp">
      <Filter>Source Files</Filter>
    </ClCompile>
    <ClCompile Include="..\fem\plinearform.cpp">
      <Filter>Source Files</Filter>
    </ClCompile>
    <ClCompile Include="..\fem\pnonlinearform.cpp">
      <Filter>Source Files</Filter>
    </ClCompile>
    <ClCompile Include="..\fem\prestriction.cpp">
      <Filter>Source Files</Filter>
    </ClCompile>
    <ClCompile Include="..\fem\quadinterpolator.cpp">
      <Filter>Source Files</Filter>
    </ClCompile>
    <ClCompile Include="..\fem\quadinterpolator_face.cpp">
      <Filter>Source Files</Filter>
    </ClCompile>
    <ClCompile Include="..\fem\restriction.cpp">
      <Filter>Source Files</Filter>
    </ClCompile>
    <ClCompile Include="..\fem\sidredatacollection.cpp">
      <Filter>Source Files</Filter>
    </ClCompile>
    <ClCompile Include="..\fem\staticcond.cpp">
      <Filter>Source Files</Filter>
    </ClCompile>
    <ClCompile Include="..\fem\tmop.cpp">
      <Filter>Source Files</Filter>
    </ClCompile>
    <ClCompile Include="..\fem\tmop_tools.cpp">
      <Filter>Source Files</Filter>
    </ClCompile>
    <ClCompile Include="..\fem\transfer.cpp">
      <Filter>Source Files</Filter>
    </ClCompile>
  </ItemGroup>
  <ItemGroup>
    <ClInclude Include="..\fem\ceed\coefficient.hpp">
      <Filter>Header Files</Filter>
    </ClInclude>
    <ClInclude Include="..\fem\ceed\convection.hpp">
      <Filter>Header Files</Filter>
    </ClInclude>
    <ClInclude Include="..\fem\ceed\convection_qf.h">
      <Filter>Header Files</Filter>
    </ClInclude>
    <ClInclude Include="..\fem\ceed\diffusion.hpp">
      <Filter>Header Files</Filter>
    </ClInclude>
    <ClInclude Include="..\fem\ceed\diffusion_qf.h">
      <Filter>Header Files</Filter>
    </ClInclude>
    <ClInclude Include="..\fem\ceed\integrator.hpp">
      <Filter>Header Files</Filter>
    </ClInclude>
    <ClInclude Include="..\fem\ceed\mass.hpp">
      <Filter>Header Files</Filter>
    </ClInclude>
    <ClInclude Include="..\fem\ceed\mass_qf.h">
      <Filter>Header Files</Filter>
    </ClInclude>
    <ClInclude Include="..\fem\ceed\nlconvection.hpp">
      <Filter>Header Files</Filter>
    </ClInclude>
    <ClInclude Include="..\fem\ceed\nlconvection_qf.h">
      <Filter>Header Files</Filter>
    </ClInclude>
    <ClInclude Include="..\fem\ceed\operator.hpp">
      <Filter>Header Files</Filter>
    </ClInclude>
    <ClInclude Include="..\fem\ceed\util.hpp">
      <Filter>Header Files</Filter>
    </ClInclude>
    <ClInclude Include="..\fem\adios2datacollection.hpp">
      <Filter>Header Files</Filter>
    </ClInclude>
    <ClInclude Include="..\fem\bilinearform.hpp">
      <Filter>Header Files</Filter>
    </ClInclude>
    <ClInclude Include="..\fem\bilinearform_ext.hpp">
      <Filter>Header Files</Filter>
    </ClInclude>
    <ClInclude Include="..\fem\bilininteg.hpp">
      <Filter>Header Files</Filter>
    </ClInclude>
    <ClInclude Include="..\fem\coefficient.hpp">
      <Filter>Header Files</Filter>
    </ClInclude>
    <ClInclude Include="..\fem\complex_fem.hpp">
      <Filter>Header Files</Filter>
    </ClInclude>
    <ClInclude Include="..\fem\conduitdatacollection.hpp">
      <Filter>Header Files</Filter>
    </ClInclude>
    <ClInclude Include="..\fem\convergence.hpp">
      <Filter>Header Files</Filter>
    </ClInclude>
    <ClInclude Include="..\fem\datacollection.hpp">
      <Filter>Header Files</Filter>
    </ClInclude>
    <ClInclude Include="..\fem\eltrans.hpp">
      <Filter>Header Files</Filter>
    </ClInclude>
    <ClInclude Include="..\fem\estimators.hpp">
      <Filter>Header Files</Filter>
    </ClInclude>
    <ClInclude Include="..\fem\fe.hpp">
      <Filter>Header Files</Filter>
    </ClInclude>
    <ClInclude Include="..\fem\fe_coll.hpp">
      <Filter>Header Files</Filter>
    </ClInclude>
    <ClInclude Include="..\fem\fem.hpp">
      <Filter>Header Files</Filter>
    </ClInclude>
    <ClInclude Include="..\fem\fespace.hpp">
      <Filter>Header Files</Filter>
    </ClInclude>
    <ClInclude Include="..\fem\fespacehierarchy.hpp">
      <Filter>Header Files</Filter>
    </ClInclude>
    <ClInclude Include="..\fem\geom.hpp">
      <Filter>Header Files</Filter>
    </ClInclude>
    <ClInclude Include="..\fem\gridfunc.hpp">
      <Filter>Header Files</Filter>
    </ClInclude>
    <ClInclude Include="..\fem\gslib.hpp">
      <Filter>Header Files</Filter>
    </ClInclude>
    <ClInclude Include="..\fem\hybridization.hpp">
      <Filter>Header Files</Filter>
    </ClInclude>
    <ClInclude Include="..\fem\intrules.hpp">
      <Filter>Header Files</Filter>
    </ClInclude>
    <ClInclude Include="..\fem\linearform.hpp">
      <Filter>Header Files</Filter>
    </ClInclude>
    <ClInclude Include="..\fem\lininteg.hpp">
      <Filter>Header Files</Filter>
    </ClInclude>
    <ClInclude Include="..\fem\multigrid.hpp">
      <Filter>Header Files</Filter>
    </ClInclude>
    <ClInclude Include="..\fem\nonlinearform.hpp">
      <Filter>Header Files</Filter>
    </ClInclude>
    <ClInclude Include="..\fem\nonlinearform_ext.hpp">
      <Filter>Header Files</Filter>
    </ClInclude>
    <ClInclude Include="..\fem\nonlininteg.hpp">
      <Filter>Header Files</Filter>
    </ClInclude>
    <ClInclude Include="..\fem\pbilinearform.hpp">
      <Filter>Header Files</Filter>
    </ClInclude>
    <ClInclude Include="..\fem\pfespace.hpp">
      <Filter>Header Files</Filter>
    </ClInclude>
    <ClInclude Include="..\fem\pgridfunc.hpp">
      <Filter>Header Files</Filter>
    </ClInclude>
    <ClInclude Include="..\fem\picojson.h">
      <Filter>Header Files</Filter>
    </ClInclude>
    <ClInclude Include="..\fem\plinearform.hpp">
      <Filter>Header Files</Filter>
    </ClInclude>
    <ClInclude Include="..\fem\pnonlinearform.hpp">
      <Filter>Header Files</Filter>
    </ClInclude>
    <ClInclude Include="..\fem\prestriction.hpp">
      <Filter>Header Files</Filter>
    </ClInclude>
    <ClInclude Include="..\fem\quadinterpolator.hpp">
      <Filter>Header Files</Filter>
    </ClInclude>
    <ClInclude Include="..\fem\quadinterpolator_face.hpp">
      <Filter>Header Files</Filter>
    </ClInclude>
    <ClInclude Include="..\fem\restriction.hpp">
      <Filter>Header Files</Filter>
    </ClInclude>
    <ClInclude Include="..\fem\sidredatacollection.hpp">
      <Filter>Header Files</Filter>
    </ClInclude>
    <ClInclude Include="..\fem\staticcond.hpp">
      <Filter>Header Files</Filter>
    </ClInclude>
    <ClInclude Include="..\fem\tbilinearform.hpp">
      <Filter>Header Files</Filter>
    </ClInclude>
    <ClInclude Include="..\fem\tbilininteg.hpp">
      <Filter>Header Files</Filter>
    </ClInclude>
    <ClInclude Include="..\fem\tcoefficient.hpp">
      <Filter>Header Files</Filter>
    </ClInclude>
    <ClInclude Include="..\fem\teltrans.hpp">
      <Filter>Header Files</Filter>
    </ClInclude>
    <ClInclude Include="..\fem\tevaluator.hpp">
      <Filter>Header Files</Filter>
    </ClInclude>
    <ClInclude Include="..\fem\tfe.hpp">
      <Filter>Header Files</Filter>
    </ClInclude>
    <ClInclude Include="..\fem\tfespace.hpp">
      <Filter>Header Files</Filter>
    </ClInclude>
    <ClInclude Include="..\fem\tintrules.hpp">
      <Filter>Header Files</Filter>
    </ClInclude>
    <ClInclude Include="..\fem\tmop.hpp">
      <Filter>Header Files</Filter>
    </ClInclude>
    <ClInclude Include="..\fem\tmop_tools.hpp">
      <Filter>Header Files</Filter>
    </ClInclude>
    <ClInclude Include="..\fem\transfer.hpp">
      <Filter>Header Files</Filter>
    </ClInclude>
  </ItemGroup>
  <ItemGroup>
    <Filter Include="Source Files">
      <UniqueIdentifier>{EA02C597-CEAB-3993-AD01-E6A56F6C9F86}</UniqueIdentifier>
    </Filter>
    <Filter Include="Header Files">
      <UniqueIdentifier>{91611A64-8929-32BB-9F56-B4EBEC921194}</UniqueIdentifier>
    </Filter>
  </ItemGroup>
</Project>
