<?xml version="1.0" encoding="utf-8"?>
<Project ToolsVersion="15.0" xmlns="http://schemas.microsoft.com/developer/msbuild/2003">
  <ItemGroup>
    <ClCompile Include="..\general\array.cpp">
      <Filter>Source Files</Filter>
    </ClCompile>
    <ClCompile Include="..\general\error.cpp">
      <Filter>Source Files</Filter>
    </ClCompile>
    <ClCompile Include="..\general\globals.cpp">
      <Filter>Source Files</Filter>
    </ClCompile>
    <ClCompile Include="..\general\gzstream.cpp">
      <Filter>Source Files</Filter>
    </ClCompile>
    <ClCompile Include="..\general\isockstream.cpp">
      <Filter>Source Files</Filter>
    </ClCompile>
    <ClCompile Include="..\general\optparser.cpp">
      <Filter>Source Files</Filter>
    </ClCompile>
    <ClCompile Include="..\general\osockstream.cpp">
      <Filter>Source Files</Filter>
    </ClCompile>
    <ClCompile Include="..\general\sets.cpp">
      <Filter>Source Files</Filter>
    </ClCompile>
    <ClCompile Include="..\general\socketstream.cpp">
      <Filter>Source Files</Filter>
    </ClCompile>
    <ClCompile Include="..\general\stable3d.cpp">
      <Filter>Source Files</Filter>
    </ClCompile>
    <ClCompile Include="..\general\table.cpp">
      <Filter>Source Files</Filter>
    </ClCompile>
    <ClCompile Include="..\general\tic_toc.cpp">
      <Filter>Source Files</Filter>
    </ClCompile>
    <ClCompile Include="..\general\version.cpp">
      <Filter>Source Files</Filter>
    </ClCompile>
    <ClCompile Include="..\linalg\blockmatrix.cpp">
      <Filter>Source Files</Filter>
    </ClCompile>
    <ClCompile Include="..\linalg\blockoperator.cpp">
      <Filter>Source Files</Filter>
    </ClCompile>
    <ClCompile Include="..\linalg\blockvector.cpp">
      <Filter>Source Files</Filter>
    </ClCompile>
    <ClCompile Include="..\linalg\complex_operator.cpp">
      <Filter>Source Files</Filter>
    </ClCompile>
    <ClCompile Include="..\linalg\densemat.cpp">
      <Filter>Source Files</Filter>
    </ClCompile>
    <ClCompile Include="..\linalg\handle.cpp">
      <Filter>Source Files</Filter>
    </ClCompile>
    <ClCompile Include="..\linalg\matrix.cpp">
      <Filter>Source Files</Filter>
    </ClCompile>
    <ClCompile Include="..\linalg\ode.cpp">
      <Filter>Source Files</Filter>
    </ClCompile>
    <ClCompile Include="..\linalg\operator.cpp">
      <Filter>Source Files</Filter>
    </ClCompile>
    <ClCompile Include="..\linalg\solvers.cpp">
      <Filter>Source Files</Filter>
    </ClCompile>
    <ClCompile Include="..\linalg\sparsemat.cpp">
      <Filter>Source Files</Filter>
    </ClCompile>
    <ClCompile Include="..\linalg\sparsesmoothers.cpp">
      <Filter>Source Files</Filter>
    </ClCompile>
    <ClCompile Include="..\linalg\vector.cpp">
      <Filter>Source Files</Filter>
    </ClCompile>
    <ClCompile Include="..\mesh\element.cpp">
      <Filter>Source Files</Filter>
    </ClCompile>
    <ClCompile Include="..\mesh\hexahedron.cpp">
      <Filter>Source Files</Filter>
    </ClCompile>
    <ClCompile Include="..\mesh\mesh.cpp">
      <Filter>Source Files</Filter>
    </ClCompile>
    <ClCompile Include="..\mesh\mesh_operators.cpp">
      <Filter>Source Files</Filter>
    </ClCompile>
    <ClCompile Include="..\mesh\mesh_readers.cpp">
      <Filter>Source Files</Filter>
    </ClCompile>
    <ClCompile Include="..\mesh\ncmesh.cpp">
      <Filter>Source Files</Filter>
    </ClCompile>
    <ClCompile Include="..\mesh\nurbs.cpp">
      <Filter>Source Files</Filter>
    </ClCompile>
    <ClCompile Include="..\mesh\point.cpp">
      <Filter>Source Files</Filter>
    </ClCompile>
    <ClCompile Include="..\mesh\quadrilateral.cpp">
      <Filter>Source Files</Filter>
    </ClCompile>
    <ClCompile Include="..\mesh\segment.cpp">
      <Filter>Source Files</Filter>
    </ClCompile>
    <ClCompile Include="..\mesh\tetrahedron.cpp">
      <Filter>Source Files</Filter>
    </ClCompile>
    <ClCompile Include="..\mesh\triangle.cpp">
      <Filter>Source Files</Filter>
    </ClCompile>
    <ClCompile Include="..\mesh\vertex.cpp">
      <Filter>Source Files</Filter>
    </ClCompile>
    <ClCompile Include="..\fem\bilinearform.cpp">
      <Filter>Source Files</Filter>
    </ClCompile>
    <ClCompile Include="..\fem\bilininteg.cpp">
      <Filter>Source Files</Filter>
    </ClCompile>
    <ClCompile Include="..\fem\coefficient.cpp">
      <Filter>Source Files</Filter>
    </ClCompile>
    <ClCompile Include="..\fem\datacollection.cpp">
      <Filter>Source Files</Filter>
    </ClCompile>
    <ClCompile Include="..\fem\eltrans.cpp">
      <Filter>Source Files</Filter>
    </ClCompile>
    <ClCompile Include="..\fem\estimators.cpp">
      <Filter>Source Files</Filter>
    </ClCompile>
    <ClCompile Include="..\fem\fe.cpp">
      <Filter>Source Files</Filter>
    </ClCompile>
    <ClCompile Include="..\fem\fe_coll.cpp">
      <Filter>Source Files</Filter>
    </ClCompile>
    <ClCompile Include="..\fem\fespace.cpp">
      <Filter>Source Files</Filter>
    </ClCompile>
    <ClCompile Include="..\fem\geom.cpp">
      <Filter>Source Files</Filter>
    </ClCompile>
    <ClCompile Include="..\fem\gridfunc.cpp">
      <Filter>Source Files</Filter>
    </ClCompile>
    <ClCompile Include="..\fem\hybridization.cpp">
      <Filter>Source Files</Filter>
    </ClCompile>
    <ClCompile Include="..\fem\intrules.cpp">
      <Filter>Source Files</Filter>
    </ClCompile>
    <ClCompile Include="..\fem\linearform.cpp">
      <Filter>Source Files</Filter>
    </ClCompile>
    <ClCompile Include="..\fem\lininteg.cpp">
      <Filter>Source Files</Filter>
    </ClCompile>
    <ClCompile Include="..\fem\nonlinearform.cpp">
      <Filter>Source Files</Filter>
    </ClCompile>
    <ClCompile Include="..\fem\nonlininteg.cpp">
      <Filter>Source Files</Filter>
    </ClCompile>
    <ClCompile Include="..\fem\staticcond.cpp">
      <Filter>Source Files</Filter>
    </ClCompile>
    <ClCompile Include="..\fem\tmop.cpp">
      <Filter>Source Files</Filter>
    </ClCompile>
    <ClCompile Include="..\general\communication.cpp">
      <Filter>Source Files</Filter>
    </ClCompile>
    <ClCompile Include="..\linalg\hypre.cpp">
      <Filter>Source Files</Filter>
    </ClCompile>
    <ClCompile Include="..\linalg\hypre_parcsr.cpp">
      <Filter>Source Files</Filter>
    </ClCompile>
    <ClCompile Include="..\fem\pbilinearform.cpp">
      <Filter>Source Files</Filter>
    </ClCompile>
    <ClCompile Include="..\fem\pfespace.cpp">
      <Filter>Source Files</Filter>
    </ClCompile>
    <ClCompile Include="..\fem\pgridfunc.cpp">
      <Filter>Source Files</Filter>
    </ClCompile>
    <ClCompile Include="..\fem\plinearform.cpp">
      <Filter>Source Files</Filter>
    </ClCompile>
    <ClCompile Include="..\mesh\pmesh.cpp">
      <Filter>Source Files</Filter>
    </ClCompile>
    <ClCompile Include="..\mesh\pncmesh.cpp">
      <Filter>Source Files</Filter>
    </ClCompile>
    <ClCompile Include="..\fem\pnonlinearform.cpp">
      <Filter>Source Files</Filter>
    </ClCompile>
  </ItemGroup>
  <ItemGroup>
    <ClInclude Include="..\general\array.hpp">
      <Filter>Header Files</Filter>
    </ClInclude>
    <ClInclude Include="..\general\error.hpp">
      <Filter>Header Files</Filter>
    </ClInclude>
    <ClInclude Include="..\general\globals.hpp">
      <Filter>Header Files</Filter>
    </ClInclude>
    <ClInclude Include="..\general\gzstream.hpp">
      <Filter>Header Files</Filter>
    </ClInclude>
    <ClInclude Include="..\general\hash.hpp">
      <Filter>Header Files</Filter>
    </ClInclude>
    <ClInclude Include="..\general\isockstream.hpp">
      <Filter>Header Files</Filter>
    </ClInclude>
    <ClInclude Include="..\general\mem_alloc.hpp">
      <Filter>Header Files</Filter>
    </ClInclude>
    <ClInclude Include="..\general\optparser.hpp">
      <Filter>Header Files</Filter>
    </ClInclude>
    <ClInclude Include="..\general\osockstream.hpp">
      <Filter>Header Files</Filter>
    </ClInclude>
    <ClInclude Include="..\general\sets.hpp">
      <Filter>Header Files</Filter>
    </ClInclude>
    <ClInclude Include="..\general\socketstream.hpp">
      <Filter>Header Files</Filter>
    </ClInclude>
    <ClInclude Include="..\general\sort_pairs.hpp">
      <Filter>Header Files</Filter>
    </ClInclude>
    <ClInclude Include="..\general\stable3d.hpp">
      <Filter>Header Files</Filter>
    </ClInclude>
    <ClInclude Include="..\general\table.hpp">
      <Filter>Header Files</Filter>
    </ClInclude>
    <ClInclude Include="..\general\tassign.hpp">
      <Filter>Header Files</Filter>
    </ClInclude>
    <ClInclude Include="..\general\tic_toc.hpp">
      <Filter>Header Files</Filter>
    </ClInclude>
    <ClInclude Include="..\general\text.hpp">
      <Filter>Header Files</Filter>
    </ClInclude>
    <ClInclude Include="..\general\version.hpp">
      <Filter>Header Files</Filter>
    </ClInclude>
    <ClInclude Include="..\linalg\blockmatrix.hpp">
      <Filter>Header Files</Filter>
    </ClInclude>
    <ClInclude Include="..\linalg\blockoperator.hpp">
      <Filter>Header Files</Filter>
    </ClInclude>
    <ClInclude Include="..\linalg\blockvector.hpp">
      <Filter>Header Files</Filter>
    </ClInclude>
    <ClInclude Include="..\linalg\complex_operator.hpp">
      <Filter>Header Files</Filter>
    </ClInclude>
    <ClInclude Include="..\linalg\densemat.hpp">
      <Filter>Header Files</Filter>
    </ClInclude>
    <ClInclude Include="..\linalg\handle.hpp">
      <Filter>Header Files</Filter>
    </ClInclude>
    <ClInclude Include="..\linalg\invariants.hpp">
      <Filter>Header Files</Filter>
    </ClInclude>
    <ClInclude Include="..\linalg\linalg.hpp">
      <Filter>Header Files</Filter>
    </ClInclude>
    <ClInclude Include="..\linalg\matrix.hpp">
      <Filter>Header Files</Filter>
    </ClInclude>
    <ClInclude Include="..\linalg\ode.hpp">
      <Filter>Header Files</Filter>
    </ClInclude>
    <ClInclude Include="..\linalg\operator.hpp">
      <Filter>Header Files</Filter>
    </ClInclude>
    <ClInclude Include="..\linalg\solvers.hpp">
      <Filter>Header Files</Filter>
    </ClInclude>
    <ClInclude Include="..\linalg\sparsemat.hpp">
      <Filter>Header Files</Filter>
    </ClInclude>
    <ClInclude Include="..\linalg\sparsesmoothers.hpp">
      <Filter>Header Files</Filter>
    </ClInclude>
    <ClInclude Include="..\linalg\tlayout.hpp">
      <Filter>Header Files</Filter>
    </ClInclude>
    <ClInclude Include="..\linalg\tmatrix.hpp">
      <Filter>Header Files</Filter>
    </ClInclude>
    <ClInclude Include="..\linalg\ttensor.hpp">
      <Filter>Header Files</Filter>
    </ClInclude>
    <ClInclude Include="..\linalg\vector.hpp">
      <Filter>Header Files</Filter>
    </ClInclude>
    <ClInclude Include="..\mesh\element.hpp">
      <Filter>Header Files</Filter>
    </ClInclude>
    <ClInclude Include="..\mesh\hexahedron.hpp">
      <Filter>Header Files</Filter>
    </ClInclude>
    <ClInclude Include="..\mesh\mesh.hpp">
      <Filter>Header Files</Filter>
    </ClInclude>
    <ClInclude Include="..\mesh\mesh_headers.hpp">
      <Filter>Header Files</Filter>
    </ClInclude>
    <ClInclude Include="..\mesh\mesh_operators.hpp">
      <Filter>Header Files</Filter>
    </ClInclude>
    <ClInclude Include="..\mesh\ncmesh.hpp">
      <Filter>Header Files</Filter>
    </ClInclude>
    <ClInclude Include="..\mesh\nurbs.hpp">
      <Filter>Header Files</Filter>
    </ClInclude>
    <ClInclude Include="..\mesh\point.hpp">
      <Filter>Header Files</Filter>
    </ClInclude>
    <ClInclude Include="..\mesh\quadrilateral.hpp">
      <Filter>Header Files</Filter>
    </ClInclude>
    <ClInclude Include="..\mesh\segment.hpp">
      <Filter>Header Files</Filter>
    </ClInclude>
    <ClInclude Include="..\mesh\tetrahedron.hpp">
      <Filter>Header Files</Filter>
    </ClInclude>
    <ClInclude Include="..\mesh\tmesh.hpp">
      <Filter>Header Files</Filter>
    </ClInclude>
    <ClInclude Include="..\mesh\triangle.hpp">
      <Filter>Header Files</Filter>
    </ClInclude>
    <ClInclude Include="..\mesh\vertex.hpp">
      <Filter>Header Files</Filter>
    </ClInclude>
    <ClInclude Include="..\fem\bilinearform.hpp">
      <Filter>Header Files</Filter>
    </ClInclude>
    <ClInclude Include="..\fem\bilininteg.hpp">
      <Filter>Header Files</Filter>
    </ClInclude>
    <ClInclude Include="..\fem\coefficient.hpp">
      <Filter>Header Files</Filter>
    </ClInclude>
    <ClInclude Include="..\fem\datacollection.hpp">
      <Filter>Header Files</Filter>
    </ClInclude>
    <ClInclude Include="..\fem\eltrans.hpp">
      <Filter>Header Files</Filter>
    </ClInclude>
    <ClInclude Include="..\fem\estimators.hpp">
      <Filter>Header Files</Filter>
    </ClInclude>
    <ClInclude Include="..\fem\fe.hpp">
      <Filter>Header Files</Filter>
    </ClInclude>
    <ClInclude Include="..\fem\fe_coll.hpp">
      <Filter>Header Files</Filter>
    </ClInclude>
    <ClInclude Include="..\fem\fem.hpp">
      <Filter>Header Files</Filter>
    </ClInclude>
    <ClInclude Include="..\fem\fespace.hpp">
      <Filter>Header Files</Filter>
    </ClInclude>
    <ClInclude Include="..\fem\geom.hpp">
      <Filter>Header Files</Filter>
    </ClInclude>
    <ClInclude Include="..\fem\gridfunc.hpp">
      <Filter>Header Files</Filter>
    </ClInclude>
    <ClInclude Include="..\fem\hybridization.hpp">
      <Filter>Header Files</Filter>
    </ClInclude>
    <ClInclude Include="..\fem\intrules.hpp">
      <Filter>Header Files</Filter>
    </ClInclude>
    <ClInclude Include="..\fem\linearform.hpp">
      <Filter>Header Files</Filter>
    </ClInclude>
    <ClInclude Include="..\fem\lininteg.hpp">
      <Filter>Header Files</Filter>
    </ClInclude>
    <ClInclude Include="..\fem\nonlinearform.hpp">
      <Filter>Header Files</Filter>
    </ClInclude>
    <ClInclude Include="..\fem\nonlininteg.hpp">
      <Filter>Header Files</Filter>
    </ClInclude>
    <ClInclude Include="..\fem\staticcond.hpp">
      <Filter>Header Files</Filter>
    </ClInclude>
    <ClInclude Include="..\fem\tbilinearform.hpp">
      <Filter>Header Files</Filter>
    </ClInclude>
    <ClInclude Include="..\fem\tbilininteg.hpp">
      <Filter>Header Files</Filter>
    </ClInclude>
    <ClInclude Include="..\fem\tcoefficient.hpp">
      <Filter>Header Files</Filter>
    </ClInclude>
    <ClInclude Include="..\fem\teltrans.hpp">
      <Filter>Header Files</Filter>
    </ClInclude>
    <ClInclude Include="..\fem\tevaluator.hpp">
      <Filter>Header Files</Filter>
    </ClInclude>
    <ClInclude Include="..\fem\tfe.hpp">
      <Filter>Header Files</Filter>
    </ClInclude>
    <ClInclude Include="..\fem\tfespace.hpp">
      <Filter>Header Files</Filter>
    </ClInclude>
    <ClInclude Include="..\fem\tintrules.hpp">
      <Filter>Header Files</Filter>
    </ClInclude>
    <ClInclude Include="..\fem\tmop.hpp">
      <Filter>Header Files</Filter>
    </ClInclude>
    <ClInclude Include="..\config\config.hpp">
      <Filter>Header Files</Filter>
    </ClInclude>
    <ClInclude Include="..\config\tconfig.hpp">
      <Filter>Header Files</Filter>
    </ClInclude>
    <ClInclude Include="..\mfem.hpp">
      <Filter>Header Files</Filter>
    </ClInclude>
    <ClInclude Include="..\mfem-performance.hpp">
      <Filter>Header Files</Filter>
    </ClInclude>
    <ClInclude Include="..\fem\pnonlinearform.hpp">
      <Filter>Header Files</Filter>
    </ClInclude>
    <ClInclude Include="..\general\communication.hpp">
      <Filter>Header Files</Filter>
    </ClInclude>
    <ClInclude Include="..\linalg\hypre.hpp">
      <Filter>Header Files</Filter>
    </ClInclude>
    <ClInclude Include="..\linalg\hypre_parcsr.hpp">
      <Filter>Header Files</Filter>
    </ClInclude>
    <ClInclude Include="..\fem\pbilinearform.hpp">
      <Filter>Header Files</Filter>
    </ClInclude>
    <ClInclude Include="..\fem\pfespace.hpp">
      <Filter>Header Files</Filter>
    </ClInclude>
    <ClInclude Include="..\fem\pgridfunc.hpp">
      <Filter>Header Files</Filter>
    </ClInclude>
    <ClInclude Include="..\fem\plinearform.hpp">
      <Filter>Header Files</Filter>
    </ClInclude>
    <ClInclude Include="..\mesh\pmesh.hpp">
      <Filter>Header Files</Filter>
    </ClInclude>
    <ClInclude Include="..\mesh\pncmesh.hpp">
      <Filter>Header Files</Filter>
    </ClInclude>
  </ItemGroup>
  <ItemGroup>
    <Filter Include="Source Files">
      <UniqueIdentifier>{EA02C597-CEAB-3993-AD01-E6A56F6C9F86}</UniqueIdentifier>
    </Filter>
    <Filter Include="Header Files">
      <UniqueIdentifier>{91611A64-8929-32BB-9F56-B4EBEC921194}</UniqueIdentifier>
    </Filter>
  </ItemGroup>
</Project>