<?xml version="1.0" encoding="utf-8"?>
<Project ToolsVersion="15.0" xmlns="http://schemas.microsoft.com/developer/msbuild/2003">
  <ItemGroup>
    <ClCompile Include="C:\Users\bramwell1\Documents\Repos\ale3d\imports\mfem\general\array.cpp">
      <Filter>Source Files</Filter>
    </ClCompile>
    <ClCompile Include="C:\Users\bramwell1\Documents\Repos\ale3d\imports\mfem\general\error.cpp">
      <Filter>Source Files</Filter>
    </ClCompile>
    <ClCompile Include="C:\Users\bramwell1\Documents\Repos\ale3d\imports\mfem\general\globals.cpp">
      <Filter>Source Files</Filter>
    </ClCompile>
    <ClCompile Include="C:\Users\bramwell1\Documents\Repos\ale3d\imports\mfem\general\gzstream.cpp">
      <Filter>Source Files</Filter>
    </ClCompile>
    <ClCompile Include="C:\Users\bramwell1\Documents\Repos\ale3d\imports\mfem\general\isockstream.cpp">
      <Filter>Source Files</Filter>
    </ClCompile>
    <ClCompile Include="C:\Users\bramwell1\Documents\Repos\ale3d\imports\mfem\general\optparser.cpp">
      <Filter>Source Files</Filter>
    </ClCompile>
    <ClCompile Include="C:\Users\bramwell1\Documents\Repos\ale3d\imports\mfem\general\osockstream.cpp">
      <Filter>Source Files</Filter>
    </ClCompile>
    <ClCompile Include="C:\Users\bramwell1\Documents\Repos\ale3d\imports\mfem\general\sets.cpp">
      <Filter>Source Files</Filter>
    </ClCompile>
    <ClCompile Include="C:\Users\bramwell1\Documents\Repos\ale3d\imports\mfem\general\socketstream.cpp">
      <Filter>Source Files</Filter>
    </ClCompile>
    <ClCompile Include="C:\Users\bramwell1\Documents\Repos\ale3d\imports\mfem\general\stable3d.cpp">
      <Filter>Source Files</Filter>
    </ClCompile>
    <ClCompile Include="C:\Users\bramwell1\Documents\Repos\ale3d\imports\mfem\general\table.cpp">
      <Filter>Source Files</Filter>
    </ClCompile>
    <ClCompile Include="C:\Users\bramwell1\Documents\Repos\ale3d\imports\mfem\general\tic_toc.cpp">
      <Filter>Source Files</Filter>
    </ClCompile>
    <ClCompile Include="C:\Users\bramwell1\Documents\Repos\ale3d\imports\mfem\general\version.cpp">
      <Filter>Source Files</Filter>
    </ClCompile>
    <ClCompile Include="C:\Users\bramwell1\Documents\Repos\ale3d\imports\mfem\general\communication.cpp">
      <Filter>Source Files</Filter>
    </ClCompile>
    <ClCompile Include="C:\Users\bramwell1\Documents\Repos\ale3d\imports\mfem\linalg\blockmatrix.cpp">
      <Filter>Source Files</Filter>
    </ClCompile>
    <ClCompile Include="C:\Users\bramwell1\Documents\Repos\ale3d\imports\mfem\linalg\blockoperator.cpp">
      <Filter>Source Files</Filter>
    </ClCompile>
    <ClCompile Include="C:\Users\bramwell1\Documents\Repos\ale3d\imports\mfem\linalg\blockvector.cpp">
      <Filter>Source Files</Filter>
    </ClCompile>
    <ClCompile Include="C:\Users\bramwell1\Documents\Repos\ale3d\imports\mfem\linalg\complex_operator.cpp">
      <Filter>Source Files</Filter>
    </ClCompile>
    <ClCompile Include="C:\Users\bramwell1\Documents\Repos\ale3d\imports\mfem\linalg\densemat.cpp">
      <Filter>Source Files</Filter>
    </ClCompile>
    <ClCompile Include="C:\Users\bramwell1\Documents\Repos\ale3d\imports\mfem\linalg\handle.cpp">
      <Filter>Source Files</Filter>
    </ClCompile>
    <ClCompile Include="C:\Users\bramwell1\Documents\Repos\ale3d\imports\mfem\linalg\matrix.cpp">
      <Filter>Source Files</Filter>
    </ClCompile>
    <ClCompile Include="C:\Users\bramwell1\Documents\Repos\ale3d\imports\mfem\linalg\ode.cpp">
      <Filter>Source Files</Filter>
    </ClCompile>
    <ClCompile Include="C:\Users\bramwell1\Documents\Repos\ale3d\imports\mfem\linalg\operator.cpp">
      <Filter>Source Files</Filter>
    </ClCompile>
    <ClCompile Include="C:\Users\bramwell1\Documents\Repos\ale3d\imports\mfem\linalg\solvers.cpp">
      <Filter>Source Files</Filter>
    </ClCompile>
    <ClCompile Include="C:\Users\bramwell1\Documents\Repos\ale3d\imports\mfem\linalg\sparsemat.cpp">
      <Filter>Source Files</Filter>
    </ClCompile>
    <ClCompile Include="C:\Users\bramwell1\Documents\Repos\ale3d\imports\mfem\linalg\sparsesmoothers.cpp">
      <Filter>Source Files</Filter>
    </ClCompile>
    <ClCompile Include="C:\Users\bramwell1\Documents\Repos\ale3d\imports\mfem\linalg\vector.cpp">
      <Filter>Source Files</Filter>
    </ClCompile>
    <ClCompile Include="C:\Users\bramwell1\Documents\Repos\ale3d\imports\mfem\linalg\hypre.cpp">
      <Filter>Source Files</Filter>
    </ClCompile>
    <ClCompile Include="C:\Users\bramwell1\Documents\Repos\ale3d\imports\mfem\linalg\hypre_parcsr.cpp">
      <Filter>Source Files</Filter>
    </ClCompile>
    <ClCompile Include="C:\Users\bramwell1\Documents\Repos\ale3d\imports\mfem\mesh\element.cpp">
      <Filter>Source Files</Filter>
    </ClCompile>
    <ClCompile Include="C:\Users\bramwell1\Documents\Repos\ale3d\imports\mfem\mesh\hexahedron.cpp">
      <Filter>Source Files</Filter>
    </ClCompile>
    <ClCompile Include="C:\Users\bramwell1\Documents\Repos\ale3d\imports\mfem\mesh\mesh.cpp">
      <Filter>Source Files</Filter>
    </ClCompile>
    <ClCompile Include="C:\Users\bramwell1\Documents\Repos\ale3d\imports\mfem\mesh\mesh_operators.cpp">
      <Filter>Source Files</Filter>
    </ClCompile>
    <ClCompile Include="C:\Users\bramwell1\Documents\Repos\ale3d\imports\mfem\mesh\mesh_readers.cpp">
      <Filter>Source Files</Filter>
    </ClCompile>
    <ClCompile Include="C:\Users\bramwell1\Documents\Repos\ale3d\imports\mfem\mesh\ncmesh.cpp">
      <Filter>Source Files</Filter>
    </ClCompile>
    <ClCompile Include="C:\Users\bramwell1\Documents\Repos\ale3d\imports\mfem\mesh\nurbs.cpp">
      <Filter>Source Files</Filter>
    </ClCompile>
    <ClCompile Include="C:\Users\bramwell1\Documents\Repos\ale3d\imports\mfem\mesh\point.cpp">
      <Filter>Source Files</Filter>
    </ClCompile>
    <ClCompile Include="C:\Users\bramwell1\Documents\Repos\ale3d\imports\mfem\mesh\quadrilateral.cpp">
      <Filter>Source Files</Filter>
    </ClCompile>
    <ClCompile Include="C:\Users\bramwell1\Documents\Repos\ale3d\imports\mfem\mesh\segment.cpp">
      <Filter>Source Files</Filter>
    </ClCompile>
    <ClCompile Include="C:\Users\bramwell1\Documents\Repos\ale3d\imports\mfem\mesh\tetrahedron.cpp">
      <Filter>Source Files</Filter>
    </ClCompile>
    <ClCompile Include="C:\Users\bramwell1\Documents\Repos\ale3d\imports\mfem\mesh\triangle.cpp">
      <Filter>Source Files</Filter>
    </ClCompile>
    <ClCompile Include="C:\Users\bramwell1\Documents\Repos\ale3d\imports\mfem\mesh\vertex.cpp">
      <Filter>Source Files</Filter>
    </ClCompile>
    <ClCompile Include="C:\Users\bramwell1\Documents\Repos\ale3d\imports\mfem\mesh\pmesh.cpp">
      <Filter>Source Files</Filter>
    </ClCompile>
    <ClCompile Include="C:\Users\bramwell1\Documents\Repos\ale3d\imports\mfem\mesh\pncmesh.cpp">
      <Filter>Source Files</Filter>
    </ClCompile>
    <ClCompile Include="C:\Users\bramwell1\Documents\Repos\ale3d\imports\mfem\fem\bilinearform.cpp">
      <Filter>Source Files</Filter>
    </ClCompile>
    <ClCompile Include="C:\Users\bramwell1\Documents\Repos\ale3d\imports\mfem\fem\bilininteg.cpp">
      <Filter>Source Files</Filter>
    </ClCompile>
    <ClCompile Include="C:\Users\bramwell1\Documents\Repos\ale3d\imports\mfem\fem\coefficient.cpp">
      <Filter>Source Files</Filter>
    </ClCompile>
    <ClCompile Include="C:\Users\bramwell1\Documents\Repos\ale3d\imports\mfem\fem\datacollection.cpp">
      <Filter>Source Files</Filter>
    </ClCompile>
    <ClCompile Include="C:\Users\bramwell1\Documents\Repos\ale3d\imports\mfem\fem\eltrans.cpp">
      <Filter>Source Files</Filter>
    </ClCompile>
    <ClCompile Include="C:\Users\bramwell1\Documents\Repos\ale3d\imports\mfem\fem\estimators.cpp">
      <Filter>Source Files</Filter>
    </ClCompile>
    <ClCompile Include="C:\Users\bramwell1\Documents\Repos\ale3d\imports\mfem\fem\fe.cpp">
      <Filter>Source Files</Filter>
    </ClCompile>
    <ClCompile Include="C:\Users\bramwell1\Documents\Repos\ale3d\imports\mfem\fem\fe_coll.cpp">
      <Filter>Source Files</Filter>
    </ClCompile>
    <ClCompile Include="C:\Users\bramwell1\Documents\Repos\ale3d\imports\mfem\fem\fespace.cpp">
      <Filter>Source Files</Filter>
    </ClCompile>
    <ClCompile Include="C:\Users\bramwell1\Documents\Repos\ale3d\imports\mfem\fem\geom.cpp">
      <Filter>Source Files</Filter>
    </ClCompile>
    <ClCompile Include="C:\Users\bramwell1\Documents\Repos\ale3d\imports\mfem\fem\gridfunc.cpp">
      <Filter>Source Files</Filter>
    </ClCompile>
    <ClCompile Include="C:\Users\bramwell1\Documents\Repos\ale3d\imports\mfem\fem\hybridization.cpp">
      <Filter>Source Files</Filter>
    </ClCompile>
    <ClCompile Include="C:\Users\bramwell1\Documents\Repos\ale3d\imports\mfem\fem\intrules.cpp">
      <Filter>Source Files</Filter>
    </ClCompile>
    <ClCompile Include="C:\Users\bramwell1\Documents\Repos\ale3d\imports\mfem\fem\linearform.cpp">
      <Filter>Source Files</Filter>
    </ClCompile>
    <ClCompile Include="C:\Users\bramwell1\Documents\Repos\ale3d\imports\mfem\fem\lininteg.cpp">
      <Filter>Source Files</Filter>
    </ClCompile>
    <ClCompile Include="C:\Users\bramwell1\Documents\Repos\ale3d\imports\mfem\fem\nonlinearform.cpp">
      <Filter>Source Files</Filter>
    </ClCompile>
    <ClCompile Include="C:\Users\bramwell1\Documents\Repos\ale3d\imports\mfem\fem\nonlininteg.cpp">
      <Filter>Source Files</Filter>
    </ClCompile>
    <ClCompile Include="C:\Users\bramwell1\Documents\Repos\ale3d\imports\mfem\fem\staticcond.cpp">
      <Filter>Source Files</Filter>
    </ClCompile>
    <ClCompile Include="C:\Users\bramwell1\Documents\Repos\ale3d\imports\mfem\fem\tmop.cpp">
      <Filter>Source Files</Filter>
    </ClCompile>
    <ClCompile Include="C:\Users\bramwell1\Documents\Repos\ale3d\imports\mfem\fem\pbilinearform.cpp">
      <Filter>Source Files</Filter>
    </ClCompile>
    <ClCompile Include="C:\Users\bramwell1\Documents\Repos\ale3d\imports\mfem\fem\pfespace.cpp">
      <Filter>Source Files</Filter>
    </ClCompile>
    <ClCompile Include="C:\Users\bramwell1\Documents\Repos\ale3d\imports\mfem\fem\pgridfunc.cpp">
      <Filter>Source Files</Filter>
    </ClCompile>
    <ClCompile Include="C:\Users\bramwell1\Documents\Repos\ale3d\imports\mfem\fem\plinearform.cpp">
      <Filter>Source Files</Filter>
    </ClCompile>
    <ClCompile Include="C:\Users\bramwell1\Documents\Repos\ale3d\imports\mfem\fem\pnonlinearform.cpp">
      <Filter>Source Files</Filter>
    </ClCompile>
  </ItemGroup>
  <ItemGroup>
    <ClInclude Include="C:\Users\bramwell1\Documents\Repos\ale3d\imports\mfem\general\array.hpp">
      <Filter>Header Files</Filter>
    </ClInclude>
    <ClInclude Include="C:\Users\bramwell1\Documents\Repos\ale3d\imports\mfem\general\error.hpp">
      <Filter>Header Files</Filter>
    </ClInclude>
    <ClInclude Include="C:\Users\bramwell1\Documents\Repos\ale3d\imports\mfem\general\globals.hpp">
      <Filter>Header Files</Filter>
    </ClInclude>
    <ClInclude Include="C:\Users\bramwell1\Documents\Repos\ale3d\imports\mfem\general\gzstream.hpp">
      <Filter>Header Files</Filter>
    </ClInclude>
    <ClInclude Include="C:\Users\bramwell1\Documents\Repos\ale3d\imports\mfem\general\hash.hpp">
      <Filter>Header Files</Filter>
    </ClInclude>
    <ClInclude Include="C:\Users\bramwell1\Documents\Repos\ale3d\imports\mfem\general\isockstream.hpp">
      <Filter>Header Files</Filter>
    </ClInclude>
    <ClInclude Include="C:\Users\bramwell1\Documents\Repos\ale3d\imports\mfem\general\mem_alloc.hpp">
      <Filter>Header Files</Filter>
    </ClInclude>
    <ClInclude Include="C:\Users\bramwell1\Documents\Repos\ale3d\imports\mfem\general\optparser.hpp">
      <Filter>Header Files</Filter>
    </ClInclude>
    <ClInclude Include="C:\Users\bramwell1\Documents\Repos\ale3d\imports\mfem\general\osockstream.hpp">
      <Filter>Header Files</Filter>
    </ClInclude>
    <ClInclude Include="C:\Users\bramwell1\Documents\Repos\ale3d\imports\mfem\general\sets.hpp">
      <Filter>Header Files</Filter>
    </ClInclude>
    <ClInclude Include="C:\Users\bramwell1\Documents\Repos\ale3d\imports\mfem\general\socketstream.hpp">
      <Filter>Header Files</Filter>
    </ClInclude>
    <ClInclude Include="C:\Users\bramwell1\Documents\Repos\ale3d\imports\mfem\general\sort_pairs.hpp">
      <Filter>Header Files</Filter>
    </ClInclude>
    <ClInclude Include="C:\Users\bramwell1\Documents\Repos\ale3d\imports\mfem\general\stable3d.hpp">
      <Filter>Header Files</Filter>
    </ClInclude>
    <ClInclude Include="C:\Users\bramwell1\Documents\Repos\ale3d\imports\mfem\general\table.hpp">
      <Filter>Header Files</Filter>
    </ClInclude>
    <ClInclude Include="C:\Users\bramwell1\Documents\Repos\ale3d\imports\mfem\general\tassign.hpp">
      <Filter>Header Files</Filter>
    </ClInclude>
    <ClInclude Include="C:\Users\bramwell1\Documents\Repos\ale3d\imports\mfem\general\tic_toc.hpp">
      <Filter>Header Files</Filter>
    </ClInclude>
    <ClInclude Include="C:\Users\bramwell1\Documents\Repos\ale3d\imports\mfem\general\text.hpp">
      <Filter>Header Files</Filter>
    </ClInclude>
    <ClInclude Include="C:\Users\bramwell1\Documents\Repos\ale3d\imports\mfem\general\version.hpp">
      <Filter>Header Files</Filter>
    </ClInclude>
    <ClInclude Include="C:\Users\bramwell1\Documents\Repos\ale3d\imports\mfem\general\communication.hpp">
      <Filter>Header Files</Filter>
    </ClInclude>
    <ClInclude Include="C:\Users\bramwell1\Documents\Repos\ale3d\imports\mfem\linalg\blockmatrix.hpp">
      <Filter>Header Files</Filter>
    </ClInclude>
    <ClInclude Include="C:\Users\bramwell1\Documents\Repos\ale3d\imports\mfem\linalg\blockoperator.hpp">
      <Filter>Header Files</Filter>
    </ClInclude>
    <ClInclude Include="C:\Users\bramwell1\Documents\Repos\ale3d\imports\mfem\linalg\blockvector.hpp">
      <Filter>Header Files</Filter>
    </ClInclude>
    <ClInclude Include="C:\Users\bramwell1\Documents\Repos\ale3d\imports\mfem\linalg\complex_operator.hpp">
      <Filter>Header Files</Filter>
    </ClInclude>
    <ClInclude Include="C:\Users\bramwell1\Documents\Repos\ale3d\imports\mfem\linalg\densemat.hpp">
      <Filter>Header Files</Filter>
    </ClInclude>
    <ClInclude Include="C:\Users\bramwell1\Documents\Repos\ale3d\imports\mfem\linalg\handle.hpp">
      <Filter>Header Files</Filter>
    </ClInclude>
    <ClInclude Include="C:\Users\bramwell1\Documents\Repos\ale3d\imports\mfem\linalg\invariants.hpp">
      <Filter>Header Files</Filter>
    </ClInclude>
    <ClInclude Include="C:\Users\bramwell1\Documents\Repos\ale3d\imports\mfem\linalg\linalg.hpp">
      <Filter>Header Files</Filter>
    </ClInclude>
    <ClInclude Include="C:\Users\bramwell1\Documents\Repos\ale3d\imports\mfem\linalg\matrix.hpp">
      <Filter>Header Files</Filter>
    </ClInclude>
    <ClInclude Include="C:\Users\bramwell1\Documents\Repos\ale3d\imports\mfem\linalg\ode.hpp">
      <Filter>Header Files</Filter>
    </ClInclude>
    <ClInclude Include="C:\Users\bramwell1\Documents\Repos\ale3d\imports\mfem\linalg\operator.hpp">
      <Filter>Header Files</Filter>
    </ClInclude>
    <ClInclude Include="C:\Users\bramwell1\Documents\Repos\ale3d\imports\mfem\linalg\solvers.hpp">
      <Filter>Header Files</Filter>
    </ClInclude>
    <ClInclude Include="C:\Users\bramwell1\Documents\Repos\ale3d\imports\mfem\linalg\sparsemat.hpp">
      <Filter>Header Files</Filter>
    </ClInclude>
    <ClInclude Include="C:\Users\bramwell1\Documents\Repos\ale3d\imports\mfem\linalg\sparsesmoothers.hpp">
      <Filter>Header Files</Filter>
    </ClInclude>
    <ClInclude Include="C:\Users\bramwell1\Documents\Repos\ale3d\imports\mfem\linalg\tlayout.hpp">
      <Filter>Header Files</Filter>
    </ClInclude>
    <ClInclude Include="C:\Users\bramwell1\Documents\Repos\ale3d\imports\mfem\linalg\tmatrix.hpp">
      <Filter>Header Files</Filter>
    </ClInclude>
    <ClInclude Include="C:\Users\bramwell1\Documents\Repos\ale3d\imports\mfem\linalg\ttensor.hpp">
      <Filter>Header Files</Filter>
    </ClInclude>
    <ClInclude Include="C:\Users\bramwell1\Documents\Repos\ale3d\imports\mfem\linalg\vector.hpp">
      <Filter>Header Files</Filter>
    </ClInclude>
    <ClInclude Include="C:\Users\bramwell1\Documents\Repos\ale3d\imports\mfem\linalg\hypre.hpp">
      <Filter>Header Files</Filter>
    </ClInclude>
    <ClInclude Include="C:\Users\bramwell1\Documents\Repos\ale3d\imports\mfem\linalg\hypre_parcsr.hpp">
      <Filter>Header Files</Filter>
    </ClInclude>
    <ClInclude Include="C:\Users\bramwell1\Documents\Repos\ale3d\imports\mfem\mesh\element.hpp">
      <Filter>Header Files</Filter>
    </ClInclude>
    <ClInclude Include="C:\Users\bramwell1\Documents\Repos\ale3d\imports\mfem\mesh\hexahedron.hpp">
      <Filter>Header Files</Filter>
    </ClInclude>
    <ClInclude Include="C:\Users\bramwell1\Documents\Repos\ale3d\imports\mfem\mesh\mesh.hpp">
      <Filter>Header Files</Filter>
    </ClInclude>
    <ClInclude Include="C:\Users\bramwell1\Documents\Repos\ale3d\imports\mfem\mesh\mesh_headers.hpp">
      <Filter>Header Files</Filter>
    </ClInclude>
    <ClInclude Include="C:\Users\bramwell1\Documents\Repos\ale3d\imports\mfem\mesh\mesh_operators.hpp">
      <Filter>Header Files</Filter>
    </ClInclude>
    <ClInclude Include="C:\Users\bramwell1\Documents\Repos\ale3d\imports\mfem\mesh\ncmesh.hpp">
      <Filter>Header Files</Filter>
    </ClInclude>
    <ClInclude Include="C:\Users\bramwell1\Documents\Repos\ale3d\imports\mfem\mesh\nurbs.hpp">
      <Filter>Header Files</Filter>
    </ClInclude>
    <ClInclude Include="C:\Users\bramwell1\Documents\Repos\ale3d\imports\mfem\mesh\point.hpp">
      <Filter>Header Files</Filter>
    </ClInclude>
    <ClInclude Include="C:\Users\bramwell1\Documents\Repos\ale3d\imports\mfem\mesh\quadrilateral.hpp">
      <Filter>Header Files</Filter>
    </ClInclude>
    <ClInclude Include="C:\Users\bramwell1\Documents\Repos\ale3d\imports\mfem\mesh\segment.hpp">
      <Filter>Header Files</Filter>
    </ClInclude>
    <ClInclude Include="C:\Users\bramwell1\Documents\Repos\ale3d\imports\mfem\mesh\tetrahedron.hpp">
      <Filter>Header Files</Filter>
    </ClInclude>
    <ClInclude Include="C:\Users\bramwell1\Documents\Repos\ale3d\imports\mfem\mesh\tmesh.hpp">
      <Filter>Header Files</Filter>
    </ClInclude>
    <ClInclude Include="C:\Users\bramwell1\Documents\Repos\ale3d\imports\mfem\mesh\triangle.hpp">
      <Filter>Header Files</Filter>
    </ClInclude>
    <ClInclude Include="C:\Users\bramwell1\Documents\Repos\ale3d\imports\mfem\mesh\vertex.hpp">
      <Filter>Header Files</Filter>
    </ClInclude>
    <ClInclude Include="C:\Users\bramwell1\Documents\Repos\ale3d\imports\mfem\mesh\pmesh.hpp">
      <Filter>Header Files</Filter>
    </ClInclude>
    <ClInclude Include="C:\Users\bramwell1\Documents\Repos\ale3d\imports\mfem\mesh\pncmesh.hpp">
      <Filter>Header Files</Filter>
    </ClInclude>
    <ClInclude Include="C:\Users\bramwell1\Documents\Repos\ale3d\imports\mfem\fem\bilinearform.hpp">
      <Filter>Header Files</Filter>
    </ClInclude>
    <ClInclude Include="C:\Users\bramwell1\Documents\Repos\ale3d\imports\mfem\fem\bilininteg.hpp">
      <Filter>Header Files</Filter>
    </ClInclude>
    <ClInclude Include="C:\Users\bramwell1\Documents\Repos\ale3d\imports\mfem\fem\coefficient.hpp">
      <Filter>Header Files</Filter>
    </ClInclude>
    <ClInclude Include="C:\Users\bramwell1\Documents\Repos\ale3d\imports\mfem\fem\datacollection.hpp">
      <Filter>Header Files</Filter>
    </ClInclude>
    <ClInclude Include="C:\Users\bramwell1\Documents\Repos\ale3d\imports\mfem\fem\eltrans.hpp">
      <Filter>Header Files</Filter>
    </ClInclude>
    <ClInclude Include="C:\Users\bramwell1\Documents\Repos\ale3d\imports\mfem\fem\estimators.hpp">
      <Filter>Header Files</Filter>
    </ClInclude>
    <ClInclude Include="C:\Users\bramwell1\Documents\Repos\ale3d\imports\mfem\fem\fe.hpp">
      <Filter>Header Files</Filter>
    </ClInclude>
    <ClInclude Include="C:\Users\bramwell1\Documents\Repos\ale3d\imports\mfem\fem\fe_coll.hpp">
      <Filter>Header Files</Filter>
    </ClInclude>
    <ClInclude Include="C:\Users\bramwell1\Documents\Repos\ale3d\imports\mfem\fem\fem.hpp">
      <Filter>Header Files</Filter>
    </ClInclude>
    <ClInclude Include="C:\Users\bramwell1\Documents\Repos\ale3d\imports\mfem\fem\fespace.hpp">
      <Filter>Header Files</Filter>
    </ClInclude>
    <ClInclude Include="C:\Users\bramwell1\Documents\Repos\ale3d\imports\mfem\fem\geom.hpp">
      <Filter>Header Files</Filter>
    </ClInclude>
    <ClInclude Include="C:\Users\bramwell1\Documents\Repos\ale3d\imports\mfem\fem\gridfunc.hpp">
      <Filter>Header Files</Filter>
    </ClInclude>
    <ClInclude Include="C:\Users\bramwell1\Documents\Repos\ale3d\imports\mfem\fem\hybridization.hpp">
      <Filter>Header Files</Filter>
    </ClInclude>
    <ClInclude Include="C:\Users\bramwell1\Documents\Repos\ale3d\imports\mfem\fem\intrules.hpp">
      <Filter>Header Files</Filter>
    </ClInclude>
    <ClInclude Include="C:\Users\bramwell1\Documents\Repos\ale3d\imports\mfem\fem\linearform.hpp">
      <Filter>Header Files</Filter>
    </ClInclude>
    <ClInclude Include="C:\Users\bramwell1\Documents\Repos\ale3d\imports\mfem\fem\lininteg.hpp">
      <Filter>Header Files</Filter>
    </ClInclude>
    <ClInclude Include="C:\Users\bramwell1\Documents\Repos\ale3d\imports\mfem\fem\nonlinearform.hpp">
      <Filter>Header Files</Filter>
    </ClInclude>
    <ClInclude Include="C:\Users\bramwell1\Documents\Repos\ale3d\imports\mfem\fem\nonlininteg.hpp">
      <Filter>Header Files</Filter>
    </ClInclude>
    <ClInclude Include="C:\Users\bramwell1\Documents\Repos\ale3d\imports\mfem\fem\staticcond.hpp">
      <Filter>Header Files</Filter>
    </ClInclude>
    <ClInclude Include="C:\Users\bramwell1\Documents\Repos\ale3d\imports\mfem\fem\tbilinearform.hpp">
      <Filter>Header Files</Filter>
    </ClInclude>
    <ClInclude Include="C:\Users\bramwell1\Documents\Repos\ale3d\imports\mfem\fem\tbilininteg.hpp">
      <Filter>Header Files</Filter>
    </ClInclude>
    <ClInclude Include="C:\Users\bramwell1\Documents\Repos\ale3d\imports\mfem\fem\tcoefficient.hpp">
      <Filter>Header Files</Filter>
    </ClInclude>
    <ClInclude Include="C:\Users\bramwell1\Documents\Repos\ale3d\imports\mfem\fem\teltrans.hpp">
      <Filter>Header Files</Filter>
    </ClInclude>
    <ClInclude Include="C:\Users\bramwell1\Documents\Repos\ale3d\imports\mfem\fem\tevaluator.hpp">
      <Filter>Header Files</Filter>
    </ClInclude>
    <ClInclude Include="C:\Users\bramwell1\Documents\Repos\ale3d\imports\mfem\fem\tfe.hpp">
      <Filter>Header Files</Filter>
    </ClInclude>
    <ClInclude Include="C:\Users\bramwell1\Documents\Repos\ale3d\imports\mfem\fem\tfespace.hpp">
      <Filter>Header Files</Filter>
    </ClInclude>
    <ClInclude Include="C:\Users\bramwell1\Documents\Repos\ale3d\imports\mfem\fem\tintrules.hpp">
      <Filter>Header Files</Filter>
    </ClInclude>
    <ClInclude Include="C:\Users\bramwell1\Documents\Repos\ale3d\imports\mfem\fem\tmop.hpp">
      <Filter>Header Files</Filter>
    </ClInclude>
    <ClInclude Include="C:\Users\bramwell1\Documents\Repos\ale3d\imports\mfem\fem\pbilinearform.hpp">
      <Filter>Header Files</Filter>
    </ClInclude>
    <ClInclude Include="C:\Users\bramwell1\Documents\Repos\ale3d\imports\mfem\fem\pfespace.hpp">
      <Filter>Header Files</Filter>
    </ClInclude>
    <ClInclude Include="C:\Users\bramwell1\Documents\Repos\ale3d\imports\mfem\fem\pgridfunc.hpp">
      <Filter>Header Files</Filter>
    </ClInclude>
    <ClInclude Include="C:\Users\bramwell1\Documents\Repos\ale3d\imports\mfem\fem\plinearform.hpp">
      <Filter>Header Files</Filter>
    </ClInclude>
    <ClInclude Include="C:\Users\bramwell1\Documents\Repos\ale3d\imports\mfem\fem\pnonlinearform.hpp">
      <Filter>Header Files</Filter>
    </ClInclude>
    <ClInclude Include="C:\Users\bramwell1\Documents\Repos\ale3d\imports\mfem\config\config.hpp">
      <Filter>Header Files</Filter>
    </ClInclude>
    <ClInclude Include="C:\Users\bramwell1\Documents\Repos\ale3d\imports\mfem\config\tconfig.hpp">
      <Filter>Header Files</Filter>
    </ClInclude>
    <ClInclude Include="C:\Users\bramwell1\Documents\Repos\ale3d\imports\mfem\mfem.hpp">
      <Filter>Header Files</Filter>
    </ClInclude>
    <ClInclude Include="C:\Users\bramwell1\Documents\Repos\ale3d\imports\mfem\mfem-performance.hpp">
      <Filter>Header Files</Filter>
    </ClInclude>
    <ClInclude Include="config\_config.hpp">
      <Filter>Header Files</Filter>
    </ClInclude>
  </ItemGroup>
  <ItemGroup>
    <CustomBuild Include="C:\Users\bramwell1\Documents\Repos\ale3d\imports\mfem\CMakeLists.txt" />
  </ItemGroup>
  <ItemGroup>
    <Filter Include="Source Files">
      <UniqueIdentifier>{45D212C6-37E4-328C-889B-8B6350535B6F}</UniqueIdentifier>
    </Filter>
    <Filter Include="Header Files">
      <UniqueIdentifier>{F7C44E54-A4EA-3C55-83FD-011E59C031BA}</UniqueIdentifier>
    </Filter>
  </ItemGroup>
</Project>