This branch adds/modifies a large file: mesh/mesh.cpp \(size [0-9]{3}K\)
This branch adds/modifies a large file: fem/fe.cpp \(size [0-9]{3}K\)
Commit [0-9a-z]{9} adds/modifies a large file: mesh/mesh.cpp \(size [0-9]{3}K\)
Commit [0-9a-z]{9} adds/modifies a large file: fem/fe.cpp \(size [0-9]{3}K\)
